
Microsoft Visual Studio Solution File, Format Version 12.00
# Visual Studio Version 17
VisualStudioVersion = 17.10.34928.147
MinimumVisualStudioVersion = 10.0.40219.1
Project("{FAE04EC0-301F-11D3-BF4B-00C04F79EFBC}") = "RestaurantReservationSystem", "RestaurantReservationSystem.csproj", "{95E37761-3BB0-44C5-87D0-7E9154D2F8C3}"
EndProject
Project("{FAE04EC0-301F-11D3-BF4B-00C04F79EFBC}") = "ReservationBusinessLogic", "ReservationBusinessLogic\ReservationBusinessLogic.csproj", "{ACF206AF-7F01-4C04-8280-9A9B485EA7F6}"
EndProject
Global
	GlobalSection(SolutionConfigurationPlatforms) = preSolution
		Debug|Any CPU = Debug|Any CPU
		Release|Any CPU = Release|Any CPU
	EndGlobalSection
	GlobalSection(ProjectConfigurationPlatforms) = postSolution
		{95E37761-3BB0-44C5-87D0-7E9154D2F8C3}.Debug|Any CPU.ActiveCfg = Debug|Any CPU
		{95E37761-3BB0-44C5-87D0-7E9154D2F8C3}.Debug|Any CPU.Build.0 = Debug|Any CPU
		{95E37761-3BB0-44C5-87D0-7E9154D2F8C3}.Release|Any CPU.ActiveCfg = Release|Any CPU
		{95E37761-3BB0-44C5-87D0-7E9154D2F8C3}.Release|Any CPU.Build.0 = Release|Any CPU
		{ACF206AF-7F01-4C04-8280-9A9B485EA7F6}.Debug|Any CPU.ActiveCfg = Debug|Any CPU
		{ACF206AF-7F01-4C04-8280-9A9B485EA7F6}.Debug|Any CPU.Build.0 = Debug|Any CPU
		{ACF206AF-7F01-4C04-8280-9A9B485EA7F6}.Release|Any CPU.ActiveCfg = Release|Any CPU
		{ACF206AF-7F01-4C04-8280-9A9B485EA7F6}.Release|Any CPU.Build.0 = Release|Any CPU
	EndGlobalSection
	GlobalSection(SolutionProperties) = preSolution
		HideSolutionNode = FALSE
	EndGlobalSection
	GlobalSection(ExtensibilityGlobals) = postSolution
		SolutionGuid = {A7E03B11-51D4-4E72-A3B5-7A27F9BC6A06}
	EndGlobalSection
EndGlobal
